// !$*UTF8*$!
{
	archiveVersion = 1;
	classes = {
	};
	objectVersion = 46;
	objects = {

/* Begin PBXBuildFile section */
		570730921A7B678700A3B229 /* Anagram.m in Sources */ = {isa = PBXBuildFile; fileRef = 570730911A7B678700A3B229 /* Anagram.m */; };
		570730951A7B695E00A3B229 /* NSString+CodeWordExtension.m in Sources */ = {isa = PBXBuildFile; fileRef = 570730941A7B695E00A3B229 /* NSString+CodeWordExtension.m */; };
		57246C731A78B1A900EAF9CA /* main.m in Sources */ = {isa = PBXBuildFile; fileRef = 57246C721A78B1A900EAF9CA /* main.m */; };
/* End PBXBuildFile section */

/* Begin PBXCopyFilesBuildPhase section */
		57246C6D1A78B1A900EAF9CA /* CopyFiles */ = {
			isa = PBXCopyFilesBuildPhase;
			buildActionMask = 2147483647;
			dstPath = /usr/share/man/man1/;
			dstSubfolderSpec = 0;
			files = (
			);
			runOnlyForDeploymentPostprocessing = 1;
		};
/* End PBXCopyFilesBuildPhase section */

/* Begin PBXFileReference section */
		570730901A7B66B400A3B229 /* Anagram.h */ = {isa = PBXFileReference; fileEncoding = 4; lastKnownFileType = sourcecode.c.h; path = Anagram.h; sourceTree = "<group>"; };
		570730911A7B678700A3B229 /* Anagram.m */ = {isa = PBXFileReference; fileEncoding = 4; lastKnownFileType = sourcecode.c.objc; path = Anagram.m; sourceTree = "<group>"; };
		570730931A7B68D100A3B229 /* NSString+CodeWordExtension.h */ = {isa = PBXFileReference; fileEncoding = 4; lastKnownFileType = sourcecode.c.h; path = "NSString+CodeWordExtension.h"; sourceTree = "<group>"; };
		570730941A7B695E00A3B229 /* NSString+CodeWordExtension.m */ = {isa = PBXFileReference; fileEncoding = 4; lastKnownFileType = sourcecode.c.objc; path = "NSString+CodeWordExtension.m"; sourceTree = "<group>"; };
		57246C6F1A78B1A900EAF9CA /* assignment2 */ = {isa = PBXFileReference; explicitFileType = "compiled.mach-o.executable"; includeInIndex = 0; path = assignment2; sourceTree = BUILT_PRODUCTS_DIR; };
		57246C721A78B1A900EAF9CA /* main.m */ = {isa = PBXFileReference; lastKnownFileType = sourcecode.c.objc; path = main.m; sourceTree = "<group>"; };
/* End PBXFileReference section */

/* Begin PBXFrameworksBuildPhase section */
		57246C6C1A78B1A900EAF9CA /* Frameworks */ = {
			isa = PBXFrameworksBuildPhase;
			buildActionMask = 2147483647;
			files = (
			);
			runOnlyForDeploymentPostprocessing = 0;
		};
/* End PBXFrameworksBuildPhase section */

/* Begin PBXGroup section */
		57246C661A78B1A900EAF9CA = {
			isa = PBXGroup;
			children = (
				57246C711A78B1A900EAF9CA /* assignment2 */,
				57246C701A78B1A900EAF9CA /* Products */,
			);
			sourceTree = "<group>";
		};
		57246C701A78B1A900EAF9CA /* Products */ = {
			isa = PBXGroup;
			children = (
				57246C6F1A78B1A900EAF9CA /* assignment2 */,
			);
			name = Products;
			sourceTree = "<group>";
		};
		57246C711A78B1A900EAF9CA /* assignment2 */ = {
			isa = PBXGroup;
			children = (
				57246C721A78B1A900EAF9CA /* main.m */,
				570730901A7B66B400A3B229 /* Anagram.h */,
				570730911A7B678700A3B229 /* Anagram.m */,
				570730931A7B68D100A3B229 /* NSString+CodeWordExtension.h */,
				570730941A7B695E00A3B229 /* NSString+CodeWordExtension.m */,
			);
			path = assignment2;
			sourceTree = "<group>";
		};
/* End PBXGroup section */

/* Begin PBXNativeTarget section */
		57246C6E1A78B1A900EAF9CA /* assignment2 */ = {
			isa = PBXNativeTarget;
			buildConfigurationList = 57246C761A78B1A900EAF9CA /* Build configuration list for PBXNativeTarget "assignment2" */;
			buildPhases = (
				57246C6B1A78B1A900EAF9CA /* Sources */,
				57246C6C1A78B1A900EAF9CA /* Frameworks */,
				57246C6D1A78B1A900EAF9CA /* CopyFiles */,
			);
			buildRules = (
			);
			dependencies = (
			);
			name = assignment2;
			productName = assignment2;
			productReference = 57246C6F1A78B1A900EAF9CA /* assignment2 */;
			productType = "com.apple.product-type.tool";
		};
/* End PBXNativeTarget section */

/* Begin PBXProject section */
		57246C671A78B1A900EAF9CA /* Project object */ = {
			isa = PBXProject;
			attributes = {
				LastUpgradeCheck = 0600;
				ORGANIZATIONNAME = "Andreza da Costa Medeiros";
				TargetAttributes = {
					57246C6E1A78B1A900EAF9CA = {
						CreatedOnToolsVersion = 6.0.1;
					};
				};
			};
			buildConfigurationList = 57246C6A1A78B1A900EAF9CA /* Build configuration list for PBXProject "assignment2" */;
			compatibilityVersion = "Xcode 3.2";
			developmentRegion = English;
			hasScannedForEncodings = 0;
			knownRegions = (
				en,
			);
			mainGroup = 57246C661A78B1A900EAF9CA;
			productRefGroup = 57246C701A78B1A900EAF9CA /* Products */;
			projectDirPath = "";
			projectRoot = "";
			targets = (
				57246C6E1A78B1A900EAF9CA /* assignment2 */,
			);
		};
/* End PBXProject section */

/* Begin PBXSourcesBuildPhase section */
		57246C6B1A78B1A900EAF9CA /* Sources */ = {
			isa = PBXSourcesBuildPhase;
			buildActionMask = 2147483647;
			files = (
				570730921A7B678700A3B229 /* Anagram.m in Sources */,
				57246C731A78B1A900EAF9CA /* main.m in Sources */,
				570730951A7B695E00A3B229 /* NSString+CodeWordExtension.m in Sources */,
			);
			runOnlyForDeploymentPostprocessing = 0;
		};
/* End PBXSourcesBuildPhase section */

/* Begin XCBuildConfiguration section */
		57246C741A78B1A900EAF9CA /* Debug */ = {
			isa = XCBuildConfiguration;
			buildSettings = {
				ALWAYS_SEARCH_USER_PATHS = NO;
				CLANG_CXX_LANGUAGE_STANDARD = "gnu++0x";
				CLANG_CXX_LIBRARY = "libc++";
				CLANG_ENABLE_MODULES = YES;
				CLANG_ENABLE_OBJC_ARC = YES;
				CLANG_WARN_BOOL_CONVERSION = YES;
				CLANG_WARN_CONSTANT_CONVERSION = YES;
				CLANG_WARN_DIRECT_OBJC_ISA_USAGE = YES_ERROR;
				CLANG_WARN_EMPTY_BODY = YES;
				CLANG_WARN_ENUM_CONVERSION = YES;
				CLANG_WARN_INT_CONVERSION = YES;
				CLANG_WARN_OBJC_ROOT_CLASS = YES_ERROR;
				CLANG_WARN_UNREACHABLE_CODE = YES;
				CLANG_WARN__DUPLICATE_METHOD_MATCH = YES;
				COPY_PHASE_STRIP = NO;
				ENABLE_STRICT_OBJC_MSGSEND = YES;
				GCC_C_LANGUAGE_STANDARD = gnu99;
				GCC_DYNAMIC_NO_PIC = NO;
				GCC_OPTIMIZATION_LEVEL = 0;
				GCC_PREPROCESSOR_DEFINITIONS = (
					"DEBUG=1",
					"$(inherited)",
				);
				GCC_SYMBOLS_PRIVATE_EXTERN = NO;
				GCC_WARN_64_TO_32_BIT_CONVERSION = YES;
				GCC_WARN_ABOUT_RETURN_TYPE = YES_ERROR;
				GCC_WARN_UNDECLARED_SELECTOR = YES;
				GCC_WARN_UNINITIALIZED_AUTOS = YES_AGGRESSIVE;
				GCC_WARN_UNUSED_FUNCTION = YES;
				GCC_WARN_UNUSED_VARIABLE = YES;
				MACOSX_DEPLOYMENT_TARGET = 10.9;
				MTL_ENABLE_DEBUG_INFO = YES;
				ONLY_ACTIVE_ARCH = YES;
				SDKROOT = macosx;
			};
			name = Debug;
		};
		57246C751A78B1A900EAF9CA /* Release */ = {
			isa = XCBuildConfiguration;
			buildSettings = {
				ALWAYS_SEARCH_USER_PATHS = NO;
				CLANG_CXX_LANGUAGE_STANDARD = "gnu++0x";
				CLANG_CXX_LIBRARY = "libc++";
				CLANG_ENABLE_MODULES = YES;
				CLANG_ENABLE_OBJC_ARC = YES;
				CLANG_WARN_BOOL_CONVERSION = YES;
				CLANG_WARN_CONSTANT_CONVERSION = YES;
				CLANG_WARN_DIRECT_OBJC_ISA_USAGE = YES_ERROR;
				CLANG_WARN_EMPTY_BODY = YES;
				CLANG_WARN_ENUM_CONVERSION = YES;
				CLANG_WARN_INT_CONVERSION = YES;
				CLANG_WARN_OBJC_ROOT_CLASS = YES_ERROR;
				CLANG_WARN_UNREACHABLE_CODE = YES;
				CLANG_WARN__DUPLICATE_METHOD_MATCH = YES;
				COPY_PHASE_STRIP = YES;
				DEBUG_INFORMATION_FORMAT = "dwarf-with-dsym";
				ENABLE_NS_ASSERTIONS = NO;
				ENABLE_STRICT_OBJC_MSGSEND = YES;
				GCC_C_LANGUAGE_STANDARD = gnu99;
				GCC_WARN_64_TO_32_BIT_CONVERSION = YES;
				GCC_WARN_ABOUT_RETURN_TYPE = YES_ERROR;
				GCC_WARN_UNDECLARED_SELECTOR = YES;
				GCC_WARN_UNINITIALIZED_AUTOS = YES_AGGRESSIVE;
				GCC_WARN_UNUSED_FUNCTION = YES;
				GCC_WARN_UNUSED_VARIABLE = YES;
				MACOSX_DEPLOYMENT_TARGET = 10.9;
				MTL_ENABLE_DEBUG_INFO = NO;
				SDKROOT = macosx;
			};
			name = Release;
		};
		57246C771A78B1A900EAF9CA /* Debug */ = {
			isa = XCBuildConfiguration;
			buildSettings = {
				PRODUCT_NAME = "$(TARGET_NAME)";
			};
			name = Debug;
		};
		57246C781A78B1A900EAF9CA /* Release */ = {
			isa = XCBuildConfiguration;
			buildSettings = {
				PRODUCT_NAME = "$(TARGET_NAME)";
			};
			name = Release;
		};
/* End XCBuildConfiguration section */

/* Begin XCConfigurationList section */
		57246C6A1A78B1A900EAF9CA /* Build configuration list for PBXProject "assignment2" */ = {
			isa = XCConfigurationList;
			buildConfigurations = (
				57246C741A78B1A900EAF9CA /* Debug */,
				57246C751A78B1A900EAF9CA /* Release */,
			);
			defaultConfigurationIsVisible = 0;
			defaultConfigurationName = Release;
		};
		57246C761A78B1A900EAF9CA /* Build configuration list for PBXNativeTarget "assignment2" */ = {
			isa = XCConfigurationList;
			buildConfigurations = (
				57246C771A78B1A900EAF9CA /* Debug */,
				57246C781A78B1A900EAF9CA /* Release */,
			);
			defaultConfigurationIsVisible = 0;
			defaultConfigurationName = Release;
		};
/* End XCConfigurationList section */
	};
	rootObject = 57246C671A78B1A900EAF9CA /* Project object */;
}
